
Microsoft Visual Studio Solution File, Format Version 12.00
# Visual Studio Version 17
VisualStudioVersion = 17.11.35303.130
MinimumVisualStudioVersion = 10.0.40219.1
Project("{FAE04EC0-301F-11D3-BF4B-00C04F79EFBC}") = "Notes69", "Notes69\Notes69.csproj", "{1FF2DC10-6B24-4617-BDBE-F9066BAC0B1C}"
EndProject
Global
	GlobalSection(SolutionConfigurationPlatforms) = preSolution
		Debug|Any CPU = Debug|Any CPU
		Release|Any CPU = Release|Any CPU
	EndGlobalSection
	GlobalSection(ProjectConfigurationPlatforms) = postSolution
		{1FF2DC10-6B24-4617-BDBE-F9066BAC0B1C}.Debug|Any CPU.ActiveCfg = Debug|Any CPU
		{1FF2DC10-6B24-4617-BDBE-F9066BAC0B1C}.Debug|Any CPU.Build.0 = Debug|Any CPU
		{1FF2DC10-6B24-4617-BDBE-F9066BAC0B1C}.Debug|Any CPU.Deploy.0 = Debug|Any CPU
		{1FF2DC10-6B24-4617-BDBE-F9066BAC0B1C}.Release|Any CPU.ActiveCfg = Release|Any CPU
		{1FF2DC10-6B24-4617-BDBE-F9066BAC0B1C}.Release|Any CPU.Build.0 = Release|Any CPU
		{1FF2DC10-6B24-4617-BDBE-F9066BAC0B1C}.Release|Any CPU.Deploy.0 = Release|Any CPU
	EndGlobalSection
	GlobalSection(SolutionProperties) = preSolution
		HideSolutionNode = FALSE
	EndGlobalSection
	GlobalSection(ExtensibilityGlobals) = postSolution
		SolutionGuid = {D594D6F3-1269-494B-A822-6452AFA0BA45}
	EndGlobalSection
EndGlobal
